// !$*UTF8*$!
{
	archiveVersion = 1;
	classes = {
	};
	objectVersion = 52;
	objects = {

/* Begin PBXBuildFile section */
		DDA2137123E90EF40008264A /* AppDelegate.swift in Sources */ = {isa = PBXBuildFile; fileRef = DDA2137023E90EF40008264A /* AppDelegate.swift */; };
		DDA2137323E90EF40008264A /* SceneDelegate.swift in Sources */ = {isa = PBXBuildFile; fileRef = DDA2137223E90EF40008264A /* SceneDelegate.swift */; };
		DDA2137823E90EF40008264A /* Main.storyboard in Resources */ = {isa = PBXBuildFile; fileRef = DDA2137623E90EF40008264A /* Main.storyboard */; };
		DDA2137A23E90EF80008264A /* Assets.xcassets in Resources */ = {isa = PBXBuildFile; fileRef = DDA2137923E90EF80008264A /* Assets.xcassets */; };
		DDA2137D23E90EF80008264A /* LaunchScreen.storyboard in Resources */ = {isa = PBXBuildFile; fileRef = DDA2137B23E90EF80008264A /* LaunchScreen.storyboard */; };
		DDA2138523E90FD70008264A /* DcardTableViewController.swift in Sources */ = {isa = PBXBuildFile; fileRef = DDA2138423E90FD70008264A /* DcardTableViewController.swift */; };
		DDA2138723E90FF20008264A /* DetailTableViewConroller.swift in Sources */ = {isa = PBXBuildFile; fileRef = DDA2138623E90FF20008264A /* DetailTableViewConroller.swift */; };
/* End PBXBuildFile section */

/* Begin PBXFileReference section */
		DDA2136D23E90EF40008264A /* Dcard.app */ = {isa = PBXFileReference; explicitFileType = wrapper.application; includeInIndex = 0; path = Dcard.app; sourceTree = BUILT_PRODUCTS_DIR; };
		DDA2137023E90EF40008264A /* AppDelegate.swift */ = {isa = PBXFileReference; lastKnownFileType = sourcecode.swift; path = AppDelegate.swift; sourceTree = "<group>"; };
		DDA2137223E90EF40008264A /* SceneDelegate.swift */ = {isa = PBXFileReference; lastKnownFileType = sourcecode.swift; path = SceneDelegate.swift; sourceTree = "<group>"; };
		DDA2137723E90EF40008264A /* Base */ = {isa = PBXFileReference; lastKnownFileType = file.storyboard; name = Base; path = Base.lproj/Main.storyboard; sourceTree = "<group>"; };
		DDA2137923E90EF80008264A /* Assets.xcassets */ = {isa = PBXFileReference; lastKnownFileType = folder.assetcatalog; path = Assets.xcassets; sourceTree = "<group>"; };
		DDA2137C23E90EF80008264A /* Base */ = {isa = PBXFileReference; lastKnownFileType = file.storyboard; name = Base; path = Base.lproj/LaunchScreen.storyboard; sourceTree = "<group>"; };
		DDA2137E23E90EF80008264A /* Info.plist */ = {isa = PBXFileReference; lastKnownFileType = text.plist.xml; path = Info.plist; sourceTree = "<group>"; };
		DDA2138423E90FD70008264A /* DcardTableViewController.swift */ = {isa = PBXFileReference; lastKnownFileType = sourcecode.swift; path = DcardTableViewController.swift; sourceTree = "<group>"; };
		DDA2138623E90FF20008264A /* DetailTableViewConroller.swift */ = {isa = PBXFileReference; lastKnownFileType = sourcecode.swift; path = DetailTableViewConroller.swift; sourceTree = "<group>"; };
/* End PBXFileReference section */

/* Begin PBXFrameworksBuildPhase section */
		DDA2136A23E90EF40008264A /* Frameworks */ = {
			isa = PBXFrameworksBuildPhase;
			buildActionMask = 2147483647;
			files = (
			);
			runOnlyForDeploymentPostprocessing = 0;
		};
/* End PBXFrameworksBuildPhase section */

/* Begin PBXGroup section */
		DDA2136423E90EF40008264A = {
			isa = PBXGroup;
			children = (
				DDA2136F23E90EF40008264A /* Dcard */,
				DDA2136E23E90EF40008264A /* Products */,
			);
			sourceTree = "<group>";
		};
		DDA2136E23E90EF40008264A /* Products */ = {
			isa = PBXGroup;
			children = (
				DDA2136D23E90EF40008264A /* Dcard.app */,
			);
			name = Products;
			sourceTree = "<group>";
		};
		DDA2136F23E90EF40008264A /* Dcard */ = {
			isa = PBXGroup;
			children = (
				DDA2137023E90EF40008264A /* AppDelegate.swift */,
				DDA2137223E90EF40008264A /* SceneDelegate.swift */,
				DDA2138423E90FD70008264A /* DcardTableViewController.swift */,
				DDA2138623E90FF20008264A /* DetailTableViewConroller.swift */,
				DDA2137623E90EF40008264A /* Main.storyboard */,
				DDA2137923E90EF80008264A /* Assets.xcassets */,
				DDA2137B23E90EF80008264A /* LaunchScreen.storyboard */,
				DDA2137E23E90EF80008264A /* Info.plist */,
			);
			path = Dcard;
			sourceTree = "<group>";
		};
/* End PBXGroup section */

/* Begin PBXNativeTarget section */
		DDA2136C23E90EF40008264A /* Dcard */ = {
			isa = PBXNativeTarget;
			buildConfigurationList = DDA2138123E90EF80008264A /* Build configuration list for PBXNativeTarget "Dcard" */;
			buildPhases = (
				DDA2136923E90EF40008264A /* Sources */,
				DDA2136A23E90EF40008264A /* Frameworks */,
				DDA2136B23E90EF40008264A /* Resources */,
			);
			buildRules = (
			);
			dependencies = (
			);
			name = Dcard;
			productName = Dcard;
			productReference = DDA2136D23E90EF40008264A /* Dcard.app */;
			productType = "com.apple.product-type.application";
		};
/* End PBXNativeTarget section */

/* Begin PBXProject section */
		DDA2136523E90EF40008264A /* Project object */ = {
			isa = PBXProject;
			attributes = {
				LastSwiftUpdateCheck = 1120;
				LastUpgradeCheck = 1120;
				ORGANIZATIONNAME = "Chang Sophia";
				TargetAttributes = {
					DDA2136C23E90EF40008264A = {
						CreatedOnToolsVersion = 11.2;
					};
				};
			};
			buildConfigurationList = DDA2136823E90EF40008264A /* Build configuration list for PBXProject "Dcard" */;
			compatibilityVersion = "Xcode 11.0";
			developmentRegion = en;
			hasScannedForEncodings = 0;
			knownRegions = (
				en,
				Base,
			);
			mainGroup = DDA2136423E90EF40008264A;
			productRefGroup = DDA2136E23E90EF40008264A /* Products */;
			projectDirPath = "";
			projectRoot = "";
			targets = (
				DDA2136C23E90EF40008264A /* Dcard */,
			);
		};
/* End PBXProject section */

/* Begin PBXResourcesBuildPhase section */
		DDA2136B23E90EF40008264A /* Resources */ = {
			isa = PBXResourcesBuildPhase;
			buildActionMask = 2147483647;
			files = (
				DDA2137D23E90EF80008264A /* LaunchScreen.storyboard in Resources */,
				DDA2137A23E90EF80008264A /* Assets.xcassets in Resources */,
				DDA2137823E90EF40008264A /* Main.storyboard in Resources */,
			);
			runOnlyForDeploymentPostprocessing = 0;
		};
/* End PBXResourcesBuildPhase section */

/* Begin PBXSourcesBuildPhase section */
		DDA2136923E90EF40008264A /* Sources */ = {
			isa = PBXSourcesBuildPhase;
			buildActionMask = 2147483647;
			files = (
				DDA2138723E90FF20008264A /* DetailTableViewConroller.swift in Sources */,
				DDA2137123E90EF40008264A /* AppDelegate.swift in Sources */,
				DDA2138523E90FD70008264A /* DcardTableViewController.swift in Sources */,
				DDA2137323E90EF40008264A /* SceneDelegate.swift in Sources */,
			);
			runOnlyForDeploymentPostprocessing = 0;
		};
/* End PBXSourcesBuildPhase section */

/* Begin PBXVariantGroup section */
		DDA2137623E90EF40008264A /* Main.storyboard */ = {
			isa = PBXVariantGroup;
			children = (
				DDA2137723E90EF40008264A /* Base */,
			);
			name = Main.storyboard;
			sourceTree = "<group>";
		};
		DDA2137B23E90EF80008264A /* LaunchScreen.storyboard */ = {
			isa = PBXVariantGroup;
			children = (
				DDA2137C23E90EF80008264A /* Base */,
			);
			name = LaunchScreen.storyboard;
			sourceTree = "<group>";
		};
/* End PBXVariantGroup section */

/* Begin XCBuildConfiguration section */
		DDA2137F23E90EF80008264A /* Debug */ = {
			isa = XCBuildConfiguration;
			buildSettings = {
				ALWAYS_SEARCH_USER_PATHS = NO;
				CLANG_ANALYZER_NONNULL = YES;
				CLANG_ANALYZER_NUMBER_OBJECT_CONVERSION = YES_AGGRESSIVE;
				CLANG_CXX_LANGUAGE_STANDARD = "gnu++14";
				CLANG_CXX_LIBRARY = "libc++";
				CLANG_ENABLE_MODULES = YES;
				CLANG_ENABLE_OBJC_ARC = YES;
				CLANG_ENABLE_OBJC_WEAK = YES;
				CLANG_WARN_BLOCK_CAPTURE_AUTORELEASING = YES;
				CLANG_WARN_BOOL_CONVERSION = YES;
				CLANG_WARN_COMMA = YES;
				CLANG_WARN_CONSTANT_CONVERSION = YES;
				CLANG_WARN_DEPRECATED_OBJC_IMPLEMENTATIONS = YES;
				CLANG_WARN_DIRECT_OBJC_ISA_USAGE = YES_ERROR;
				CLANG_WARN_DOCUMENTATION_COMMENTS = YES;
				CLANG_WARN_EMPTY_BODY = YES;
				CLANG_WARN_ENUM_CONVERSION = YES;
				CLANG_WARN_INFINITE_RECURSION = YES;
				CLANG_WARN_INT_CONVERSION = YES;
				CLANG_WARN_NON_LITERAL_NULL_CONVERSION = YES;
				CLANG_WARN_OBJC_IMPLICIT_RETAIN_SELF = YES;
				CLANG_WARN_OBJC_LITERAL_CONVERSION = YES;
				CLANG_WARN_OBJC_ROOT_CLASS = YES_ERROR;
				CLANG_WARN_RANGE_LOOP_ANALYSIS = YES;
				CLANG_WARN_STRICT_PROTOTYPES = YES;
				CLANG_WARN_SUSPICIOUS_MOVE = YES;
				CLANG_WARN_UNGUARDED_AVAILABILITY = YES_AGGRESSIVE;
				CLANG_WARN_UNREACHABLE_CODE = YES;
				CLANG_WARN__DUPLICATE_METHOD_MATCH = YES;
				COPY_PHASE_STRIP = NO;
				DEBUG_INFORMATION_FORMAT = dwarf;
				ENABLE_STRICT_OBJC_MSGSEND = YES;
				ENABLE_TESTABILITY = YES;
				GCC_C_LANGUAGE_STANDARD = gnu11;
				GCC_DYNAMIC_NO_PIC = NO;
				GCC_NO_COMMON_BLOCKS = YES;
				GCC_OPTIMIZATION_LEVEL = 0;
				GCC_PREPROCESSOR_DEFINITIONS = (
					"DEBUG=1",
					"$(inherited)",
				);
				GCC_WARN_64_TO_32_BIT_CONVERSION = YES;
				GCC_WARN_ABOUT_RETURN_TYPE = YES_ERROR;
				GCC_WARN_UNDECLARED_SELECTOR = YES;
				GCC_WARN_UNINITIALIZED_AUTOS = YES_AGGRESSIVE;
				GCC_WARN_UNUSED_FUNCTION = YES;
				GCC_WARN_UNUSED_VARIABLE = YES;
				IPHONEOS_DEPLOYMENT_TARGET = 13.2;
				MTL_ENABLE_DEBUG_INFO = INCLUDE_SOURCE;
				MTL_FAST_MATH = YES;
				ONLY_ACTIVE_ARCH = YES;
				SDKROOT = iphoneos;
				SWIFT_ACTIVE_COMPILATION_CONDITIONS = DEBUG;
				SWIFT_OPTIMIZATION_LEVEL = "-Onone";
			};
			name = Debug;
		};
		DDA2138023E90EF80008264A /* Release */ = {
			isa = XCBuildConfiguration;
			buildSettings = {
				ALWAYS_SEARCH_USER_PATHS = NO;
				CLANG_ANALYZER_NONNULL = YES;
				CLANG_ANALYZER_NUMBER_OBJECT_CONVERSION = YES_AGGRESSIVE;
				CLANG_CXX_LANGUAGE_STANDARD = "gnu++14";
				CLANG_CXX_LIBRARY = "libc++";
				CLANG_ENABLE_MODULES = YES;
				CLANG_ENABLE_OBJC_ARC = YES;
				CLANG_ENABLE_OBJC_WEAK = YES;
				CLANG_WARN_BLOCK_CAPTURE_AUTORELEASING = YES;
				CLANG_WARN_BOOL_CONVERSION = YES;
				CLANG_WARN_COMMA = YES;
				CLANG_WARN_CONSTANT_CONVERSION = YES;
				CLANG_WARN_DEPRECATED_OBJC_IMPLEMENTATIONS = YES;
				CLANG_WARN_DIRECT_OBJC_ISA_USAGE = YES_ERROR;
				CLANG_WARN_DOCUMENTATION_COMMENTS = YES;
				CLANG_WARN_EMPTY_BODY = YES;
				CLANG_WARN_ENUM_CONVERSION = YES;
				CLANG_WARN_INFINITE_RECURSION = YES;
				CLANG_WARN_INT_CONVERSION = YES;
				CLANG_WARN_NON_LITERAL_NULL_CONVERSION = YES;
				CLANG_WARN_OBJC_IMPLICIT_RETAIN_SELF = YES;
				CLANG_WARN_OBJC_LITERAL_CONVERSION = YES;
				CLANG_WARN_OBJC_ROOT_CLASS = YES_ERROR;
				CLANG_WARN_RANGE_LOOP_ANALYSIS = YES;
				CLANG_WARN_STRICT_PROTOTYPES = YES;
				CLANG_WARN_SUSPICIOUS_MOVE = YES;
				CLANG_WARN_UNGUARDED_AVAILABILITY = YES_AGGRESSIVE;
				CLANG_WARN_UNREACHABLE_CODE = YES;
				CLANG_WARN__DUPLICATE_METHOD_MATCH = YES;
				COPY_PHASE_STRIP = NO;
				DEBUG_INFORMATION_FORMAT = "dwarf-with-dsym";
				ENABLE_NS_ASSERTIONS = NO;
				ENABLE_STRICT_OBJC_MSGSEND = YES;
				GCC_C_LANGUAGE_STANDARD = gnu11;
				GCC_NO_COMMON_BLOCKS = YES;
				GCC_WARN_64_TO_32_BIT_CONVERSION = YES;
				GCC_WARN_ABOUT_RETURN_TYPE = YES_ERROR;
				GCC_WARN_UNDECLARED_SELECTOR = YES;
				GCC_WARN_UNINITIALIZED_AUTOS = YES_AGGRESSIVE;
				GCC_WARN_UNUSED_FUNCTION = YES;
				GCC_WARN_UNUSED_VARIABLE = YES;
				IPHONEOS_DEPLOYMENT_TARGET = 13.2;
				MTL_ENABLE_DEBUG_INFO = NO;
				MTL_FAST_MATH = YES;
				SDKROOT = iphoneos;
				SWIFT_COMPILATION_MODE = wholemodule;
				SWIFT_OPTIMIZATION_LEVEL = "-O";
				VALIDATE_PRODUCT = YES;
			};
			name = Release;
		};
		DDA2138223E90EF80008264A /* Debug */ = {
			isa = XCBuildConfiguration;
			buildSettings = {
				ASSETCATALOG_COMPILER_APPICON_NAME = AppIcon;
				CODE_SIGN_STYLE = Automatic;
				DEVELOPMENT_TEAM = 3M66U64HQ4;
				INFOPLIST_FILE = Dcard/Info.plist;
				LD_RUNPATH_SEARCH_PATHS = (
					"$(inherited)",
					"@executable_path/Frameworks",
				);
				PRODUCT_BUNDLE_IDENTIFIER = com.gmb728.Dcard;
				PRODUCT_NAME = "$(TARGET_NAME)";
				SWIFT_VERSION = 5.0;
				TARGETED_DEVICE_FAMILY = "1,2";
			};
			name = Debug;
		};
		DDA2138323E90EF80008264A /* Release */ = {
			isa = XCBuildConfiguration;
			buildSettings = {
				ASSETCATALOG_COMPILER_APPICON_NAME = AppIcon;
				CODE_SIGN_STYLE = Automatic;
				DEVELOPMENT_TEAM = 3M66U64HQ4;
				INFOPLIST_FILE = Dcard/Info.plist;
				LD_RUNPATH_SEARCH_PATHS = (
					"$(inherited)",
					"@executable_path/Frameworks",
				);
				PRODUCT_BUNDLE_IDENTIFIER = com.gmb728.Dcard;
				PRODUCT_NAME = "$(TARGET_NAME)";
				SWIFT_VERSION = 5.0;
				TARGETED_DEVICE_FAMILY = "1,2";
			};
			name = Release;
		};
/* End XCBuildConfiguration section */

/* Begin XCConfigurationList section */
		DDA2136823E90EF40008264A /* Build configuration list for PBXProject "Dcard" */ = {
			isa = XCConfigurationList;
			buildConfigurations = (
				DDA2137F23E90EF80008264A /* Debug */,
				DDA2138023E90EF80008264A /* Release */,
			);
			defaultConfigurationIsVisible = 0;
			defaultConfigurationName = Release;
		};
		DDA2138123E90EF80008264A /* Build configuration list for PBXNativeTarget "Dcard" */ = {
			isa = XCConfigurationList;
			buildConfigurations = (
				DDA2138223E90EF80008264A /* Debug */,
				DDA2138323E90EF80008264A /* Release */,
			);
			defaultConfigurationIsVisible = 0;
			defaultConfigurationName = Release;
		};
/* End XCConfigurationList section */
	};
	rootObject = DDA2136523E90EF40008264A /* Project object */;
}
